
Microsoft Visual Studio Solution File, Format Version 12.00
# Visual Studio Version 16
VisualStudioVersion = 16.0.29102.190
MinimumVisualStudioVersion = 10.0.40219.1
Project("{9A19103F-16F7-4668-BE54-9A1E7A4F7556}") = "refactoring", "refactoring\refactoring.csproj", "{C6847B22-1F47-4206-8227-AB72075DEF8B}"
EndProject
Project("{FAE04EC0-301F-11D3-BF4B-00C04F79EFBC}") = "refactoringTest", "refactoringTest\refactoringTest.csproj", "{CF90319A-2C92-4FC3-803A-F595EA06490C}"
EndProject
Project("{FAE04EC0-301F-11D3-BF4B-00C04F79EFBC}") = "testFirst", "testFirst\testFirst.csproj", "{17B627C0-45F9-460B-AB70-FD9929656CD0}"
EndProject
Project("{FAE04EC0-301F-11D3-BF4B-00C04F79EFBC}") = "testFirstTest", "testFirstTest\testFirstTest.csproj", "{CD4AD565-31DB-4B4D-B13A-4BAC6DC5103B}"
EndProject
Global
	GlobalSection(SolutionConfigurationPlatforms) = preSolution
		Debug|Any CPU = Debug|Any CPU
		Release|Any CPU = Release|Any CPU
	EndGlobalSection
	GlobalSection(ProjectConfigurationPlatforms) = postSolution
		{C6847B22-1F47-4206-8227-AB72075DEF8B}.Debug|Any CPU.ActiveCfg = Debug|Any CPU
		{C6847B22-1F47-4206-8227-AB72075DEF8B}.Debug|Any CPU.Build.0 = Debug|Any CPU
		{C6847B22-1F47-4206-8227-AB72075DEF8B}.Release|Any CPU.ActiveCfg = Release|Any CPU
		{C6847B22-1F47-4206-8227-AB72075DEF8B}.Release|Any CPU.Build.0 = Release|Any CPU
		{CF90319A-2C92-4FC3-803A-F595EA06490C}.Debug|Any CPU.ActiveCfg = Debug|Any CPU
		{CF90319A-2C92-4FC3-803A-F595EA06490C}.Debug|Any CPU.Build.0 = Debug|Any CPU
		{CF90319A-2C92-4FC3-803A-F595EA06490C}.Release|Any CPU.ActiveCfg = Release|Any CPU
		{CF90319A-2C92-4FC3-803A-F595EA06490C}.Release|Any CPU.Build.0 = Release|Any CPU
		{17B627C0-45F9-460B-AB70-FD9929656CD0}.Debug|Any CPU.ActiveCfg = Debug|Any CPU
		{17B627C0-45F9-460B-AB70-FD9929656CD0}.Debug|Any CPU.Build.0 = Debug|Any CPU
		{17B627C0-45F9-460B-AB70-FD9929656CD0}.Release|Any CPU.ActiveCfg = Release|Any CPU
		{17B627C0-45F9-460B-AB70-FD9929656CD0}.Release|Any CPU.Build.0 = Release|Any CPU
		{CD4AD565-31DB-4B4D-B13A-4BAC6DC5103B}.Debug|Any CPU.ActiveCfg = Debug|Any CPU
		{CD4AD565-31DB-4B4D-B13A-4BAC6DC5103B}.Debug|Any CPU.Build.0 = Debug|Any CPU
		{CD4AD565-31DB-4B4D-B13A-4BAC6DC5103B}.Release|Any CPU.ActiveCfg = Release|Any CPU
		{CD4AD565-31DB-4B4D-B13A-4BAC6DC5103B}.Release|Any CPU.Build.0 = Release|Any CPU
	EndGlobalSection
	GlobalSection(SolutionProperties) = preSolution
		HideSolutionNode = FALSE
	EndGlobalSection
	GlobalSection(ExtensibilityGlobals) = postSolution
		SolutionGuid = {B5961C3B-2F8F-40DE-B5F5-D030D427AABE}
	EndGlobalSection
EndGlobal
