
Microsoft Visual Studio Solution File, Format Version 12.00
# Visual Studio Version 16
VisualStudioVersion = 16.0.30114.105
MinimumVisualStudioVersion = 10.0.40219.1
Project("{9A19103F-16F7-4668-BE54-9A1E7A4F7556}") = "Question17-StringOperation", "Question17-StringOperation.csproj", "{928E294A-6F43-43C4-A641-854EBCB3EDA2}"
EndProject
Global
	GlobalSection(SolutionConfigurationPlatforms) = preSolution
		Debug|Any CPU = Debug|Any CPU
		Release|Any CPU = Release|Any CPU
	EndGlobalSection
	GlobalSection(ProjectConfigurationPlatforms) = postSolution
		{928E294A-6F43-43C4-A641-854EBCB3EDA2}.Debug|Any CPU.ActiveCfg = Debug|Any CPU
		{928E294A-6F43-43C4-A641-854EBCB3EDA2}.Debug|Any CPU.Build.0 = Debug|Any CPU
		{928E294A-6F43-43C4-A641-854EBCB3EDA2}.Release|Any CPU.ActiveCfg = Release|Any CPU
		{928E294A-6F43-43C4-A641-854EBCB3EDA2}.Release|Any CPU.Build.0 = Release|Any CPU
	EndGlobalSection
	GlobalSection(SolutionProperties) = preSolution
		HideSolutionNode = FALSE
	EndGlobalSection
	GlobalSection(ExtensibilityGlobals) = postSolution
		SolutionGuid = {D80DE58F-26C5-4B55-8B7E-A17BB37AA759}
	EndGlobalSection
EndGlobal
